dependencies:
- name: postgresql
  repository: https://charts.bitnami.com/bitnami
  version: 11.6.23
- name: redis
  repository: https://charts.bitnami.com/bitnami
  version: 17.0.7
digest: sha256:b915429284273080928b23060eccad2e00d98f865375b4041a149059222c2330
generated: "2022-08-04T16:43:30.434986528+02:00"
