dependencies:
- name: postgresql
  repository: https://charts.bitnami.com/bitnami
  version: 11.6.24
- name: redis
  repository: https://charts.bitnami.com/bitnami
  version: 17.0.8
digest: sha256:8dd4683ac7e38c7a2a8f7577bbcadcaa0abd0f26f6dd4cae96fb33094acedd43
generated: "2022-08-05T08:41:56.122769972+02:00"
